
Microsoft Visual Studio Solution File, Format Version 12.00
# Visual Studio Version 16
VisualStudioVersion = 16.0.30804.86
MinimumVisualStudioVersion = 10.0.40219.1
Project("{9A19103F-16F7-4668-BE54-9A1E7A4F7556}") = "Labb 1", "Labb 1\Labb 1.csproj", "{BABB439B-44A8-4F1F-83A9-896E3C1B6279}"
EndProject
Global
	GlobalSection(SolutionConfigurationPlatforms) = preSolution
		Debug|Any CPU = Debug|Any CPU
		Release|Any CPU = Release|Any CPU
	EndGlobalSection
	GlobalSection(ProjectConfigurationPlatforms) = postSolution
		{BABB439B-44A8-4F1F-83A9-896E3C1B6279}.Debug|Any CPU.ActiveCfg = Debug|Any CPU
		{BABB439B-44A8-4F1F-83A9-896E3C1B6279}.Debug|Any CPU.Build.0 = Debug|Any CPU
		{BABB439B-44A8-4F1F-83A9-896E3C1B6279}.Release|Any CPU.ActiveCfg = Release|Any CPU
		{BABB439B-44A8-4F1F-83A9-896E3C1B6279}.Release|Any CPU.Build.0 = Release|Any CPU
	EndGlobalSection
	GlobalSection(SolutionProperties) = preSolution
		HideSolutionNode = FALSE
	EndGlobalSection
	GlobalSection(ExtensibilityGlobals) = postSolution
		SolutionGuid = {E3F60454-AA0C-4C3D-A17A-8DE5FF497C5E}
	EndGlobalSection
EndGlobal
